
Microsoft Visual Studio Solution File, Format Version 12.00
# Visual Studio Version 16
VisualStudioVersion = 16.0.29001.49
MinimumVisualStudioVersion = 10.0.40219.1
Project("{FAE04EC0-301F-11D3-BF4B-00C04F79EFBC}") = "Soapbox.WebMVC", "Soapbox\Soapbox.WebMVC.csproj", "{A23D4AE8-BFB4-435D-A368-8BA3D960F5C4}"
EndProject
Project("{FAE04EC0-301F-11D3-BF4B-00C04F79EFBC}") = "Soapbox.Data", "Soapbox.Data\Soapbox.Data.csproj", "{4AD54189-C24F-4E9B-9A68-743BBFB3624E}"
EndProject
Project("{FAE04EC0-301F-11D3-BF4B-00C04F79EFBC}") = "Soapbox.Models", "Soapbox.Models\Soapbox.Models.csproj", "{00EA374B-6D6F-4082-A808-7F679DC2D3CB}"
EndProject
Project("{FAE04EC0-301F-11D3-BF4B-00C04F79EFBC}") = "Soapbox.Contracts", "Soapbox.Contracts\Soapbox.Contracts.csproj", "{4C2AF56D-B213-4FB0-9B93-CBC021F06CA1}"
EndProject
Project("{FAE04EC0-301F-11D3-BF4B-00C04F79EFBC}") = "Soapbox.Services", "Soapbox.Services\Soapbox.Services.csproj", "{468902C9-9321-4230-B9FC-81816A9BF061}"
EndProject
Project("{FAE04EC0-301F-11D3-BF4B-00C04F79EFBC}") = "Soapbox.Tests", "Soapbox.Tests\Soapbox.Tests.csproj", "{BAA8A070-0EEF-49B3-AB7D-5090DE039ECC}"
EndProject
Global
	GlobalSection(SolutionConfigurationPlatforms) = preSolution
		Debug|Any CPU = Debug|Any CPU
		Release|Any CPU = Release|Any CPU
	EndGlobalSection
	GlobalSection(ProjectConfigurationPlatforms) = postSolution
		{A23D4AE8-BFB4-435D-A368-8BA3D960F5C4}.Debug|Any CPU.ActiveCfg = Debug|Any CPU
		{A23D4AE8-BFB4-435D-A368-8BA3D960F5C4}.Debug|Any CPU.Build.0 = Debug|Any CPU
		{A23D4AE8-BFB4-435D-A368-8BA3D960F5C4}.Release|Any CPU.ActiveCfg = Release|Any CPU
		{A23D4AE8-BFB4-435D-A368-8BA3D960F5C4}.Release|Any CPU.Build.0 = Release|Any CPU
		{4AD54189-C24F-4E9B-9A68-743BBFB3624E}.Debug|Any CPU.ActiveCfg = Debug|Any CPU
		{4AD54189-C24F-4E9B-9A68-743BBFB3624E}.Debug|Any CPU.Build.0 = Debug|Any CPU
		{4AD54189-C24F-4E9B-9A68-743BBFB3624E}.Release|Any CPU.ActiveCfg = Release|Any CPU
		{4AD54189-C24F-4E9B-9A68-743BBFB3624E}.Release|Any CPU.Build.0 = Release|Any CPU
		{00EA374B-6D6F-4082-A808-7F679DC2D3CB}.Debug|Any CPU.ActiveCfg = Debug|Any CPU
		{00EA374B-6D6F-4082-A808-7F679DC2D3CB}.Debug|Any CPU.Build.0 = Debug|Any CPU
		{00EA374B-6D6F-4082-A808-7F679DC2D3CB}.Release|Any CPU.ActiveCfg = Release|Any CPU
		{00EA374B-6D6F-4082-A808-7F679DC2D3CB}.Release|Any CPU.Build.0 = Release|Any CPU
		{4C2AF56D-B213-4FB0-9B93-CBC021F06CA1}.Debug|Any CPU.ActiveCfg = Debug|Any CPU
		{4C2AF56D-B213-4FB0-9B93-CBC021F06CA1}.Debug|Any CPU.Build.0 = Debug|Any CPU
		{4C2AF56D-B213-4FB0-9B93-CBC021F06CA1}.Release|Any CPU.ActiveCfg = Release|Any CPU
		{4C2AF56D-B213-4FB0-9B93-CBC021F06CA1}.Release|Any CPU.Build.0 = Release|Any CPU
		{468902C9-9321-4230-B9FC-81816A9BF061}.Debug|Any CPU.ActiveCfg = Debug|Any CPU
		{468902C9-9321-4230-B9FC-81816A9BF061}.Debug|Any CPU.Build.0 = Debug|Any CPU
		{468902C9-9321-4230-B9FC-81816A9BF061}.Release|Any CPU.ActiveCfg = Release|Any CPU
		{468902C9-9321-4230-B9FC-81816A9BF061}.Release|Any CPU.Build.0 = Release|Any CPU
		{BAA8A070-0EEF-49B3-AB7D-5090DE039ECC}.Debug|Any CPU.ActiveCfg = Debug|Any CPU
		{BAA8A070-0EEF-49B3-AB7D-5090DE039ECC}.Debug|Any CPU.Build.0 = Debug|Any CPU
		{BAA8A070-0EEF-49B3-AB7D-5090DE039ECC}.Release|Any CPU.ActiveCfg = Release|Any CPU
		{BAA8A070-0EEF-49B3-AB7D-5090DE039ECC}.Release|Any CPU.Build.0 = Release|Any CPU
	EndGlobalSection
	GlobalSection(SolutionProperties) = preSolution
		HideSolutionNode = FALSE
	EndGlobalSection
	GlobalSection(ExtensibilityGlobals) = postSolution
		SolutionGuid = {E16493F1-BD47-4D3A-AA31-F031B01CEAC6}
	EndGlobalSection
EndGlobal
